
Microsoft Visual Studio Solution File, Format Version 12.00
# Visual Studio 2015
Project("{FAE04EC0-301F-11D3-BF4B-00C04F79EFBC}") = "LinkSphere", "LinkSphere.csproj", "{DCD97F7B-0533-166A-8BBD-0A718281848A}"
EndProject
Global
	GlobalSection(SolutionConfigurationPlatforms) = preSolution
		Debug|Any CPU = Debug|Any CPU
		Release|Any CPU = Release|Any CPU
	EndGlobalSection
	GlobalSection(ProjectConfigurationPlatforms) = postSolution
		{DCD97F7B-0533-166A-8BBD-0A718281848A}.Debug|Any CPU.ActiveCfg = Debug|Any CPU
		{DCD97F7B-0533-166A-8BBD-0A718281848A}.Debug|Any CPU.Build.0 = Debug|Any CPU
		{DCD97F7B-0533-166A-8BBD-0A718281848A}.Release|Any CPU.ActiveCfg = Release|Any CPU
		{DCD97F7B-0533-166A-8BBD-0A718281848A}.Release|Any CPU.Build.0 = Release|Any CPU
	EndGlobalSection
	GlobalSection(SolutionProperties) = preSolution
		HideSolutionNode = FALSE
	EndGlobalSection
EndGlobal
